Microsoft Visual Studio Solution File, Format Version 12.00
# Visual Studio Version 17
VisualStudioVersion = 17.5.2.0
MinimumVisualStudioVersion = 10.0.40219.1
Project("{FAE04EC0-301F-11D3-BF4B-00C04F79EFBC}") = "EcoBin-GateWay-Service", "EcoBin-GateWay-Service.csproj", "{730F713F-3942-72FF-40CE-1511D524D053}"
EndProject
Global
	GlobalSection(SolutionConfigurationPlatforms) = preSolution
		Debug|Any CPU = Debug|Any CPU
		Release|Any CPU = Release|Any CPU
	EndGlobalSection
	GlobalSection(ProjectConfigurationPlatforms) = postSolution
		{730F713F-3942-72FF-40CE-1511D524D053}.Debug|Any CPU.ActiveCfg = Debug|Any CPU
		{730F713F-3942-72FF-40CE-1511D524D053}.Debug|Any CPU.Build.0 = Debug|Any CPU
		{730F713F-3942-72FF-40CE-1511D524D053}.Release|Any CPU.ActiveCfg = Release|Any CPU
		{730F713F-3942-72FF-40CE-1511D524D053}.Release|Any CPU.Build.0 = Release|Any CPU
	EndGlobalSection
	GlobalSection(SolutionProperties) = preSolution
		HideSolutionNode = FALSE
	EndGlobalSection
	GlobalSection(ExtensibilityGlobals) = postSolution
		SolutionGuid = {211974E9-0CDA-4F28-AE6D-0112D784219D}
	EndGlobalSection
EndGlobal
